// !$*UTF8*$!
{
	archiveVersion = 1;
	classes = {
	};
	objectVersion = 50;
	objects = {

/* Begin PBXBuildFile section */
		054DC2F2229F160A00410DCD /* AppDelegate.m in Sources */ = {isa = PBXBuildFile; fileRef = 054DC2F1229F160A00410DCD /* AppDelegate.m */; };
		054DC2F8229F160A00410DCD /* Main.storyboard in Resources */ = {isa = PBXBuildFile; fileRef = 054DC2F6229F160A00410DCD /* Main.storyboard */; };
		054DC2FA229F161500410DCD /* Assets.xcassets in Resources */ = {isa = PBXBuildFile; fileRef = 054DC2F9229F161500410DCD /* Assets.xcassets */; };
		054DC300229F161500410DCD /* main.m in Sources */ = {isa = PBXBuildFile; fileRef = 054DC2FF229F161500410DCD /* main.m */; };
		054DC30A229F161600410DCD /* RSSReaderTests.m in Sources */ = {isa = PBXBuildFile; fileRef = 054DC309229F161600410DCD /* RSSReaderTests.m */; };
		054DC316229F17A800410DCD /* CoreGraphics.framework in Frameworks */ = {isa = PBXBuildFile; fileRef = 054DC315229F17A800410DCD /* CoreGraphics.framework */; };
		054DC318229F17CC00410DCD /* UIKit.framework in Frameworks */ = {isa = PBXBuildFile; fileRef = 054DC317229F17CC00410DCD /* UIKit.framework */; settings = {ATTRIBUTES = (Required, ); }; };
		054DC31A229F17EA00410DCD /* Foundation.framework in Frameworks */ = {isa = PBXBuildFile; fileRef = 054DC319229F17EA00410DCD /* Foundation.framework */; };
		054DC31D229F1BCA00410DCD /* TableViewController.m in Sources */ = {isa = PBXBuildFile; fileRef = 054DC31C229F1BCA00410DCD /* TableViewController.m */; };
		05E9006B22A054C700D5B4CB /* RSSEntry.m in Sources */ = {isa = PBXBuildFile; fileRef = 05E9006A22A054C700D5B4CB /* RSSEntry.m */; };
		05EBB42722A123BC0082393C /* libsqlite3.dylib in Frameworks */ = {isa = PBXBuildFile; fileRef = 05EBB42622A123BB0082393C /* libsqlite3.dylib */; };
		05EBB42B22A124240082393C /* DBManager.m in Sources */ = {isa = PBXBuildFile; fileRef = 05EBB42A22A124240082393C /* DBManager.m */; };
		05EBB43122A14EB60082393C /* Reachability.m in Sources */ = {isa = PBXBuildFile; fileRef = 05EBB43022A14EB60082393C /* Reachability.m */; };
		05EBB43222A14F420082393C /* SystemConfiguration.framework in Frameworks */ = {isa = PBXBuildFile; fileRef = 05EBB42C22A14C570082393C /* SystemConfiguration.framework */; };
		05ED2EC022A0200000F9D897 /* ViewController.m in Sources */ = {isa = PBXBuildFile; fileRef = 05ED2EBF22A0200000F9D897 /* ViewController.m */; };
/* End PBXBuildFile section */

/* Begin PBXContainerItemProxy section */
		054DC306229F161600410DCD /* PBXContainerItemProxy */ = {
			isa = PBXContainerItemProxy;
			containerPortal = 054DC2E5229F160A00410DCD /* Project object */;
			proxyType = 1;
			remoteGlobalIDString = 054DC2EC229F160A00410DCD;
			remoteInfo = RSSReader;
		};
/* End PBXContainerItemProxy section */

/* Begin PBXFileReference section */
		054DC2ED229F160A00410DCD /* RSSReader.app */ = {isa = PBXFileReference; explicitFileType = wrapper.application; includeInIndex = 0; path = RSSReader.app; sourceTree = BUILT_PRODUCTS_DIR; };
		054DC2F0229F160A00410DCD /* AppDelegate.h */ = {isa = PBXFileReference; lastKnownFileType = sourcecode.c.h; path = AppDelegate.h; sourceTree = "<group>"; };
		054DC2F1229F160A00410DCD /* AppDelegate.m */ = {isa = PBXFileReference; lastKnownFileType = sourcecode.c.objc; path = AppDelegate.m; sourceTree = "<group>"; };
		054DC2F7229F160A00410DCD /* Base */ = {isa = PBXFileReference; lastKnownFileType = file.storyboard; name = Base; path = Base.lproj/Main.storyboard; sourceTree = "<group>"; };
		054DC2F9229F161500410DCD /* Assets.xcassets */ = {isa = PBXFileReference; lastKnownFileType = folder.assetcatalog; path = Assets.xcassets; sourceTree = "<group>"; };
		054DC2FE229F161500410DCD /* Info.plist */ = {isa = PBXFileReference; lastKnownFileType = text.plist.xml; path = Info.plist; sourceTree = "<group>"; };
		054DC2FF229F161500410DCD /* main.m */ = {isa = PBXFileReference; lastKnownFileType = sourcecode.c.objc; path = main.m; sourceTree = "<group>"; };
		054DC305229F161600410DCD /* RSSReaderTests.xctest */ = {isa = PBXFileReference; explicitFileType = wrapper.cfbundle; includeInIndex = 0; path = RSSReaderTests.xctest; sourceTree = BUILT_PRODUCTS_DIR; };
		054DC309229F161600410DCD /* RSSReaderTests.m */ = {isa = PBXFileReference; lastKnownFileType = sourcecode.c.objc; path = RSSReaderTests.m; sourceTree = "<group>"; };
		054DC30B229F161600410DCD /* Info.plist */ = {isa = PBXFileReference; lastKnownFileType = text.plist.xml; path = Info.plist; sourceTree = "<group>"; };
		054DC315229F17A800410DCD /* CoreGraphics.framework */ = {isa = PBXFileReference; lastKnownFileType = wrapper.framework; name = CoreGraphics.framework; path = System/Library/Frameworks/CoreGraphics.framework; sourceTree = SDKROOT; };
		054DC317229F17CC00410DCD /* UIKit.framework */ = {isa = PBXFileReference; lastKnownFileType = wrapper.framework; name = UIKit.framework; path = System/Library/Frameworks/UIKit.framework; sourceTree = SDKROOT; };
		054DC319229F17EA00410DCD /* Foundation.framework */ = {isa = PBXFileReference; lastKnownFileType = wrapper.framework; name = Foundation.framework; path = System/Library/Frameworks/Foundation.framework; sourceTree = SDKROOT; };
		054DC31B229F1BCA00410DCD /* TableViewController.h */ = {isa = PBXFileReference; lastKnownFileType = sourcecode.c.h; path = TableViewController.h; sourceTree = "<group>"; };
		054DC31C229F1BCA00410DCD /* TableViewController.m */ = {isa = PBXFileReference; lastKnownFileType = sourcecode.c.objc; path = TableViewController.m; sourceTree = "<group>"; };
		05E9006922A054C700D5B4CB /* RSSEntry.h */ = {isa = PBXFileReference; lastKnownFileType = sourcecode.c.h; path = RSSEntry.h; sourceTree = "<group>"; };
		05E9006A22A054C700D5B4CB /* RSSEntry.m */ = {isa = PBXFileReference; lastKnownFileType = sourcecode.c.objc; path = RSSEntry.m; sourceTree = "<group>"; };
		05EBB42422A122180082393C /* libsqlite3.tbd */ = {isa = PBXFileReference; lastKnownFileType = "sourcecode.text-based-dylib-definition"; name = libsqlite3.tbd; path = usr/lib/libsqlite3.tbd; sourceTree = SDKROOT; };
		05EBB42622A123BB0082393C /* libsqlite3.dylib */ = {isa = PBXFileReference; lastKnownFileType = "compiled.mach-o.dylib"; name = libsqlite3.dylib; path = ../../../../../../usr/lib/libsqlite3.dylib; sourceTree = "<group>"; };
		05EBB42922A124240082393C /* DBManager.h */ = {isa = PBXFileReference; lastKnownFileType = sourcecode.c.h; path = DBManager.h; sourceTree = "<group>"; };
		05EBB42A22A124240082393C /* DBManager.m */ = {isa = PBXFileReference; lastKnownFileType = sourcecode.c.objc; path = DBManager.m; sourceTree = "<group>"; };
		05EBB42C22A14C570082393C /* SystemConfiguration.framework */ = {isa = PBXFileReference; lastKnownFileType = wrapper.framework; name = SystemConfiguration.framework; path = System/Library/Frameworks/SystemConfiguration.framework; sourceTree = SDKROOT; };
		05EBB42F22A14EB60082393C /* Reachability.h */ = {isa = PBXFileReference; lastKnownFileType = sourcecode.c.h; path = Reachability.h; sourceTree = "<group>"; };
		05EBB43022A14EB60082393C /* Reachability.m */ = {isa = PBXFileReference; lastKnownFileType = sourcecode.c.objc; path = Reachability.m; sourceTree = "<group>"; };
		05ED2EBE22A0200000F9D897 /* ViewController.h */ = {isa = PBXFileReference; lastKnownFileType = sourcecode.c.h; path = ViewController.h; sourceTree = "<group>"; };
		05ED2EBF22A0200000F9D897 /* ViewController.m */ = {isa = PBXFileReference; lastKnownFileType = sourcecode.c.objc; path = ViewController.m; sourceTree = "<group>"; };
/* End PBXFileReference section */

/* Begin PBXFrameworksBuildPhase section */
		054DC2EA229F160A00410DCD /* Frameworks */ = {
			isa = PBXFrameworksBuildPhase;
			buildActionMask = 2147483647;
			files = (
				05EBB43222A14F420082393C /* SystemConfiguration.framework in Frameworks */,
				05EBB42722A123BC0082393C /* libsqlite3.dylib in Frameworks */,
				054DC31A229F17EA00410DCD /* Foundation.framework in Frameworks */,
				054DC318229F17CC00410DCD /* UIKit.framework in Frameworks */,
				054DC316229F17A800410DCD /* CoreGraphics.framework in Frameworks */,
			);
			runOnlyForDeploymentPostprocessing = 0;
		};
		054DC302229F161600410DCD /* Frameworks */ = {
			isa = PBXFrameworksBuildPhase;
			buildActionMask = 2147483647;
			files = (
			);
			runOnlyForDeploymentPostprocessing = 0;
		};
/* End PBXFrameworksBuildPhase section */

/* Begin PBXGroup section */
		054DC2E4229F160A00410DCD = {
			isa = PBXGroup;
			children = (
				054DC2EF229F160A00410DCD /* RSSReader */,
				054DC308229F161600410DCD /* RSSReaderTests */,
				054DC2EE229F160A00410DCD /* Products */,
				054DC314229F17A500410DCD /* Frameworks */,
			);
			sourceTree = "<group>";
		};
		054DC2EE229F160A00410DCD /* Products */ = {
			isa = PBXGroup;
			children = (
				054DC2ED229F160A00410DCD /* RSSReader.app */,
				054DC305229F161600410DCD /* RSSReaderTests.xctest */,
			);
			name = Products;
			sourceTree = "<group>";
		};
		054DC2EF229F160A00410DCD /* RSSReader */ = {
			isa = PBXGroup;
			children = (
				05EBB42E22A14E6D0082393C /* Reachability */,
				05EBB42822A123F60082393C /* DBHelper */,
				05E9006822A0546F00D5B4CB /* Entries */,
				054DC2F0229F160A00410DCD /* AppDelegate.h */,
				054DC2F1229F160A00410DCD /* AppDelegate.m */,
				054DC2F6229F160A00410DCD /* Main.storyboard */,
				054DC31B229F1BCA00410DCD /* TableViewController.h */,
				054DC31C229F1BCA00410DCD /* TableViewController.m */,
				05ED2EBE22A0200000F9D897 /* ViewController.h */,
				05ED2EBF22A0200000F9D897 /* ViewController.m */,
				054DC2F9229F161500410DCD /* Assets.xcassets */,
				054DC2FE229F161500410DCD /* Info.plist */,
				054DC2FF229F161500410DCD /* main.m */,
			);
			path = RSSReader;
			sourceTree = "<group>";
		};
		054DC308229F161600410DCD /* RSSReaderTests */ = {
			isa = PBXGroup;
			children = (
				054DC309229F161600410DCD /* RSSReaderTests.m */,
				054DC30B229F161600410DCD /* Info.plist */,
			);
			path = RSSReaderTests;
			sourceTree = "<group>";
		};
		054DC314229F17A500410DCD /* Frameworks */ = {
			isa = PBXGroup;
			children = (
				05EBB42C22A14C570082393C /* SystemConfiguration.framework */,
				05EBB42622A123BB0082393C /* libsqlite3.dylib */,
				05EBB42422A122180082393C /* libsqlite3.tbd */,
				054DC319229F17EA00410DCD /* Foundation.framework */,
				054DC317229F17CC00410DCD /* UIKit.framework */,
				054DC315229F17A800410DCD /* CoreGraphics.framework */,
			);
			name = Frameworks;
			sourceTree = "<group>";
		};
		05E9006822A0546F00D5B4CB /* Entries */ = {
			isa = PBXGroup;
			children = (
				05E9006922A054C700D5B4CB /* RSSEntry.h */,
				05E9006A22A054C700D5B4CB /* RSSEntry.m */,
			);
			path = Entries;
			sourceTree = "<group>";
		};
		05EBB42822A123F60082393C /* DBHelper */ = {
			isa = PBXGroup;
			children = (
				05EBB42922A124240082393C /* DBManager.h */,
				05EBB42A22A124240082393C /* DBManager.m */,
			);
			path = DBHelper;
			sourceTree = "<group>";
		};
		05EBB42E22A14E6D0082393C /* Reachability */ = {
			isa = PBXGroup;
			children = (
				05EBB42F22A14EB60082393C /* Reachability.h */,
				05EBB43022A14EB60082393C /* Reachability.m */,
			);
			path = Reachability;
			sourceTree = "<group>";
		};
/* End PBXGroup section */

/* Begin PBXNativeTarget section */
		054DC2EC229F160A00410DCD /* RSSReader */ = {
			isa = PBXNativeTarget;
			buildConfigurationList = 054DC30E229F161700410DCD /* Build configuration list for PBXNativeTarget "RSSReader" */;
			buildPhases = (
				054DC2E9229F160A00410DCD /* Sources */,
				054DC2EA229F160A00410DCD /* Frameworks */,
				054DC2EB229F160A00410DCD /* Resources */,
			);
			buildRules = (
			);
			dependencies = (
			);
			name = RSSReader;
			productName = RSSReader;
			productReference = 054DC2ED229F160A00410DCD /* RSSReader.app */;
			productType = "com.apple.product-type.application";
		};
		054DC304229F161600410DCD /* RSSReaderTests */ = {
			isa = PBXNativeTarget;
			buildConfigurationList = 054DC311229F161700410DCD /* Build configuration list for PBXNativeTarget "RSSReaderTests" */;
			buildPhases = (
				054DC301229F161600410DCD /* Sources */,
				054DC302229F161600410DCD /* Frameworks */,
				054DC303229F161600410DCD /* Resources */,
			);
			buildRules = (
			);
			dependencies = (
				054DC307229F161600410DCD /* PBXTargetDependency */,
			);
			name = RSSReaderTests;
			productName = RSSReaderTests;
			productReference = 054DC305229F161600410DCD /* RSSReaderTests.xctest */;
			productType = "com.apple.product-type.bundle.unit-test";
		};
/* End PBXNativeTarget section */

/* Begin PBXProject section */
		054DC2E5229F160A00410DCD /* Project object */ = {
			isa = PBXProject;
			attributes = {
				LastUpgradeCheck = 1020;
				ORGANIZATIONNAME = trungntmnguyen;
				TargetAttributes = {
					054DC2EC229F160A00410DCD = {
						CreatedOnToolsVersion = 10.2.1;
					};
					054DC304229F161600410DCD = {
						CreatedOnToolsVersion = 10.2.1;
						TestTargetID = 054DC2EC229F160A00410DCD;
					};
				};
			};
			buildConfigurationList = 054DC2E8229F160A00410DCD /* Build configuration list for PBXProject "RSSReader" */;
			compatibilityVersion = "Xcode 9.3";
			developmentRegion = en;
			hasScannedForEncodings = 0;
			knownRegions = (
				en,
				Base,
			);
			mainGroup = 054DC2E4229F160A00410DCD;
			productRefGroup = 054DC2EE229F160A00410DCD /* Products */;
			projectDirPath = "";
			projectRoot = "";
			targets = (
				054DC2EC229F160A00410DCD /* RSSReader */,
				054DC304229F161600410DCD /* RSSReaderTests */,
			);
		};
/* End PBXProject section */

/* Begin PBXResourcesBuildPhase section */
		054DC2EB229F160A00410DCD /* Resources */ = {
			isa = PBXResourcesBuildPhase;
			buildActionMask = 2147483647;
			files = (
				054DC2FA229F161500410DCD /* Assets.xcassets in Resources */,
				054DC2F8229F160A00410DCD /* Main.storyboard in Resources */,
			);
			runOnlyForDeploymentPostprocessing = 0;
		};
		054DC303229F161600410DCD /* Resources */ = {
			isa = PBXResourcesBuildPhase;
			buildActionMask = 2147483647;
			files = (
			);
			runOnlyForDeploymentPostprocessing = 0;
		};
/* End PBXResourcesBuildPhase section */

/* Begin PBXSourcesBuildPhase section */
		054DC2E9229F160A00410DCD /* Sources */ = {
			isa = PBXSourcesBuildPhase;
			buildActionMask = 2147483647;
			files = (
				054DC300229F161500410DCD /* main.m in Sources */,
				054DC31D229F1BCA00410DCD /* TableViewController.m in Sources */,
				05ED2EC022A0200000F9D897 /* ViewController.m in Sources */,
				05EBB43122A14EB60082393C /* Reachability.m in Sources */,
				05EBB42B22A124240082393C /* DBManager.m in Sources */,
				054DC2F2229F160A00410DCD /* AppDelegate.m in Sources */,
				05E9006B22A054C700D5B4CB /* RSSEntry.m in Sources */,
			);
			runOnlyForDeploymentPostprocessing = 0;
		};
		054DC301229F161600410DCD /* Sources */ = {
			isa = PBXSourcesBuildPhase;
			buildActionMask = 2147483647;
			files = (
				054DC30A229F161600410DCD /* RSSReaderTests.m in Sources */,
			);
			runOnlyForDeploymentPostprocessing = 0;
		};
/* End PBXSourcesBuildPhase section */

/* Begin PBXTargetDependency section */
		054DC307229F161600410DCD /* PBXTargetDependency */ = {
			isa = PBXTargetDependency;
			target = 054DC2EC229F160A00410DCD /* RSSReader */;
			targetProxy = 054DC306229F161600410DCD /* PBXContainerItemProxy */;
		};
/* End PBXTargetDependency section */

/* Begin PBXVariantGroup section */
		054DC2F6229F160A00410DCD /* Main.storyboard */ = {
			isa = PBXVariantGroup;
			children = (
				054DC2F7229F160A00410DCD /* Base */,
			);
			name = Main.storyboard;
			sourceTree = "<group>";
		};
/* End PBXVariantGroup section */

/* Begin XCBuildConfiguration section */
		054DC30C229F161700410DCD /* Debug */ = {
			isa = XCBuildConfiguration;
			buildSettings = {
				ALWAYS_SEARCH_USER_PATHS = NO;
				CLANG_ANALYZER_NONNULL = YES;
				CLANG_ANALYZER_NUMBER_OBJECT_CONVERSION = YES_AGGRESSIVE;
				CLANG_CXX_LANGUAGE_STANDARD = "gnu++14";
				CLANG_CXX_LIBRARY = "libc++";
				CLANG_ENABLE_MODULES = YES;
				CLANG_ENABLE_OBJC_ARC = YES;
				CLANG_ENABLE_OBJC_WEAK = YES;
				CLANG_WARN_BLOCK_CAPTURE_AUTORELEASING = YES;
				CLANG_WARN_BOOL_CONVERSION = YES;
				CLANG_WARN_COMMA = YES;
				CLANG_WARN_CONSTANT_CONVERSION = YES;
				CLANG_WARN_DEPRECATED_OBJC_IMPLEMENTATIONS = YES;
				CLANG_WARN_DIRECT_OBJC_ISA_USAGE = YES_ERROR;
				CLANG_WARN_DOCUMENTATION_COMMENTS = YES;
				CLANG_WARN_EMPTY_BODY = YES;
				CLANG_WARN_ENUM_CONVERSION = YES;
				CLANG_WARN_INFINITE_RECURSION = YES;
				CLANG_WARN_INT_CONVERSION = YES;
				CLANG_WARN_NON_LITERAL_NULL_CONVERSION = YES;
				CLANG_WARN_OBJC_IMPLICIT_RETAIN_SELF = YES;
				CLANG_WARN_OBJC_LITERAL_CONVERSION = YES;
				CLANG_WARN_OBJC_ROOT_CLASS = YES_ERROR;
				CLANG_WARN_RANGE_LOOP_ANALYSIS = YES;
				CLANG_WARN_STRICT_PROTOTYPES = YES;
				CLANG_WARN_SUSPICIOUS_MOVE = YES;
				CLANG_WARN_UNGUARDED_AVAILABILITY = YES_AGGRESSIVE;
				CLANG_WARN_UNREACHABLE_CODE = YES;
				CLANG_WARN__DUPLICATE_METHOD_MATCH = YES;
				CODE_SIGN_IDENTITY = "iPhone Developer";
				COPY_PHASE_STRIP = NO;
				DEBUG_INFORMATION_FORMAT = dwarf;
				ENABLE_STRICT_OBJC_MSGSEND = YES;
				ENABLE_TESTABILITY = YES;
				GCC_C_LANGUAGE_STANDARD = gnu11;
				GCC_DYNAMIC_NO_PIC = NO;
				GCC_NO_COMMON_BLOCKS = YES;
				GCC_OPTIMIZATION_LEVEL = 0;
				GCC_PREPROCESSOR_DEFINITIONS = (
					"DEBUG=1",
					"$(inherited)",
				);
				GCC_WARN_64_TO_32_BIT_CONVERSION = YES;
				GCC_WARN_ABOUT_RETURN_TYPE = YES_ERROR;
				GCC_WARN_UNDECLARED_SELECTOR = YES;
				GCC_WARN_UNINITIALIZED_AUTOS = YES_AGGRESSIVE;
				GCC_WARN_UNUSED_FUNCTION = YES;
				GCC_WARN_UNUSED_VARIABLE = YES;
				IPHONEOS_DEPLOYMENT_TARGET = 9.0;
				MTL_ENABLE_DEBUG_INFO = INCLUDE_SOURCE;
				MTL_FAST_MATH = YES;
				ONLY_ACTIVE_ARCH = YES;
				SDKROOT = iphoneos;
			};
			name = Debug;
		};
		054DC30D229F161700410DCD /* Release */ = {
			isa = XCBuildConfiguration;
			buildSettings = {
				ALWAYS_SEARCH_USER_PATHS = NO;
				CLANG_ANALYZER_NONNULL = YES;
				CLANG_ANALYZER_NUMBER_OBJECT_CONVERSION = YES_AGGRESSIVE;
				CLANG_CXX_LANGUAGE_STANDARD = "gnu++14";
				CLANG_CXX_LIBRARY = "libc++";
				CLANG_ENABLE_MODULES = YES;
				CLANG_ENABLE_OBJC_ARC = YES;
				CLANG_ENABLE_OBJC_WEAK = YES;
				CLANG_WARN_BLOCK_CAPTURE_AUTORELEASING = YES;
				CLANG_WARN_BOOL_CONVERSION = YES;
				CLANG_WARN_COMMA = YES;
				CLANG_WARN_CONSTANT_CONVERSION = YES;
				CLANG_WARN_DEPRECATED_OBJC_IMPLEMENTATIONS = YES;
				CLANG_WARN_DIRECT_OBJC_ISA_USAGE = YES_ERROR;
				CLANG_WARN_DOCUMENTATION_COMMENTS = YES;
				CLANG_WARN_EMPTY_BODY = YES;
				CLANG_WARN_ENUM_CONVERSION = YES;
				CLANG_WARN_INFINITE_RECURSION = YES;
				CLANG_WARN_INT_CONVERSION = YES;
				CLANG_WARN_NON_LITERAL_NULL_CONVERSION = YES;
				CLANG_WARN_OBJC_IMPLICIT_RETAIN_SELF = YES;
				CLANG_WARN_OBJC_LITERAL_CONVERSION = YES;
				CLANG_WARN_OBJC_ROOT_CLASS = YES_ERROR;
				CLANG_WARN_RANGE_LOOP_ANALYSIS = YES;
				CLANG_WARN_STRICT_PROTOTYPES = YES;
				CLANG_WARN_SUSPICIOUS_MOVE = YES;
				CLANG_WARN_UNGUARDED_AVAILABILITY = YES_AGGRESSIVE;
				CLANG_WARN_UNREACHABLE_CODE = YES;
				CLANG_WARN__DUPLICATE_METHOD_MATCH = YES;
				CODE_SIGN_IDENTITY = "iPhone Developer";
				COPY_PHASE_STRIP = NO;
				DEBUG_INFORMATION_FORMAT = "dwarf-with-dsym";
				ENABLE_NS_ASSERTIONS = NO;
				ENABLE_STRICT_OBJC_MSGSEND = YES;
				GCC_C_LANGUAGE_STANDARD = gnu11;
				GCC_NO_COMMON_BLOCKS = YES;
				GCC_WARN_64_TO_32_BIT_CONVERSION = YES;
				GCC_WARN_ABOUT_RETURN_TYPE = YES_ERROR;
				GCC_WARN_UNDECLARED_SELECTOR = YES;
				GCC_WARN_UNINITIALIZED_AUTOS = YES_AGGRESSIVE;
				GCC_WARN_UNUSED_FUNCTION = YES;
				GCC_WARN_UNUSED_VARIABLE = YES;
				IPHONEOS_DEPLOYMENT_TARGET = 9.0;
				MTL_ENABLE_DEBUG_INFO = NO;
				MTL_FAST_MATH = YES;
				SDKROOT = iphoneos;
				VALIDATE_PRODUCT = YES;
			};
			name = Release;
		};
		054DC30F229F161700410DCD /* Debug */ = {
			isa = XCBuildConfiguration;
			buildSettings = {
				ASSETCATALOG_COMPILER_APPICON_NAME = AppIcon;
				CODE_SIGN_STYLE = Automatic;
				INFOPLIST_FILE = RSSReader/Info.plist;
				IPHONEOS_DEPLOYMENT_TARGET = 9.0;
				LD_RUNPATH_SEARCH_PATHS = (
					"$(inherited)",
					"@executable_path/Frameworks",
				);
				PRODUCT_BUNDLE_IDENTIFIER = com.trungntmnguyen.RSSReader;
				PRODUCT_NAME = "$(TARGET_NAME)";
				TARGETED_DEVICE_FAMILY = 1;
			};
			name = Debug;
		};
		054DC310229F161700410DCD /* Release */ = {
			isa = XCBuildConfiguration;
			buildSettings = {
				ASSETCATALOG_COMPILER_APPICON_NAME = AppIcon;
				CODE_SIGN_STYLE = Automatic;
				INFOPLIST_FILE = RSSReader/Info.plist;
				IPHONEOS_DEPLOYMENT_TARGET = 9.0;
				LD_RUNPATH_SEARCH_PATHS = (
					"$(inherited)",
					"@executable_path/Frameworks",
				);
				PRODUCT_BUNDLE_IDENTIFIER = com.trungntmnguyen.RSSReader;
				PRODUCT_NAME = "$(TARGET_NAME)";
				TARGETED_DEVICE_FAMILY = 1;
			};
			name = Release;
		};
		054DC312229F161700410DCD /* Debug */ = {
			isa = XCBuildConfiguration;
			buildSettings = {
				BUNDLE_LOADER = "$(TEST_HOST)";
				CODE_SIGN_STYLE = Automatic;
				INFOPLIST_FILE = RSSReaderTests/Info.plist;
				LD_RUNPATH_SEARCH_PATHS = (
					"$(inherited)",
					"@executable_path/Frameworks",
					"@loader_path/Frameworks",
				);
				PRODUCT_BUNDLE_IDENTIFIER = com.trungntmnguyen.RSSReaderTests;
				PRODUCT_NAME = "$(TARGET_NAME)";
				TARGETED_DEVICE_FAMILY = "1,2";
				TEST_HOST = "$(BUILT_PRODUCTS_DIR)/RSSReader.app/RSSReader";
			};
			name = Debug;
		};
		054DC313229F161700410DCD /* Release */ = {
			isa = XCBuildConfiguration;
			buildSettings = {
				BUNDLE_LOADER = "$(TEST_HOST)";
				CODE_SIGN_STYLE = Automatic;
				INFOPLIST_FILE = RSSReaderTests/Info.plist;
				LD_RUNPATH_SEARCH_PATHS = (
					"$(inherited)",
					"@executable_path/Frameworks",
					"@loader_path/Frameworks",
				);
				PRODUCT_BUNDLE_IDENTIFIER = com.trungntmnguyen.RSSReaderTests;
				PRODUCT_NAME = "$(TARGET_NAME)";
				TARGETED_DEVICE_FAMILY = "1,2";
				TEST_HOST = "$(BUILT_PRODUCTS_DIR)/RSSReader.app/RSSReader";
			};
			name = Release;
		};
/* End XCBuildConfiguration section */

/* Begin XCConfigurationList section */
		054DC2E8229F160A00410DCD /* Build configuration list for PBXProject "RSSReader" */ = {
			isa = XCConfigurationList;
			buildConfigurations = (
				054DC30C229F161700410DCD /* Debug */,
				054DC30D229F161700410DCD /* Release */,
			);
			defaultConfigurationIsVisible = 0;
			defaultConfigurationName = Release;
		};
		054DC30E229F161700410DCD /* Build configuration list for PBXNativeTarget "RSSReader" */ = {
			isa = XCConfigurationList;
			buildConfigurations = (
				054DC30F229F161700410DCD /* Debug */,
				054DC310229F161700410DCD /* Release */,
			);
			defaultConfigurationIsVisible = 0;
			defaultConfigurationName = Release;
		};
		054DC311229F161700410DCD /* Build configuration list for PBXNativeTarget "RSSReaderTests" */ = {
			isa = XCConfigurationList;
			buildConfigurations = (
				054DC312229F161700410DCD /* Debug */,
				054DC313229F161700410DCD /* Release */,
			);
			defaultConfigurationIsVisible = 0;
			defaultConfigurationName = Release;
		};
/* End XCConfigurationList section */
	};
	rootObject = 054DC2E5229F160A00410DCD /* Project object */;
}
